
Microsoft Visual Studio Solution File, Format Version 12.00
# Visual Studio Version 17
VisualStudioVersion = 17.3.32922.545
MinimumVisualStudioVersion = 10.0.40219.1
Project("{9A19103F-16F7-4668-BE54-9A1E7A4F7556}") = "DenimERP", "DenimERP.csproj", "{FF767D15-92C9-4D99-BC88-0C7A57F29FF2}"
EndProject
Global
	GlobalSection(SolutionConfigurationPlatforms) = preSolution
		Debug|Any CPU = Debug|Any CPU
		Release|Any CPU = Release|Any CPU
	EndGlobalSection
	GlobalSection(ProjectConfigurationPlatforms) = postSolution
		{FF767D15-92C9-4D99-BC88-0C7A57F29FF2}.Debug|Any CPU.ActiveCfg = Debug|Any CPU
		{FF767D15-92C9-4D99-BC88-0C7A57F29FF2}.Debug|Any CPU.Build.0 = Debug|Any CPU
		{FF767D15-92C9-4D99-BC88-0C7A57F29FF2}.Release|Any CPU.ActiveCfg = Release|Any CPU
		{FF767D15-92C9-4D99-BC88-0C7A57F29FF2}.Release|Any CPU.Build.0 = Release|Any CPU
	EndGlobalSection
	GlobalSection(SolutionProperties) = preSolution
		HideSolutionNode = FALSE
	EndGlobalSection
	GlobalSection(ExtensibilityGlobals) = postSolution
		SolutionGuid = {FCA649CE-191C-4E8B-A5EF-587DA8F0BB70}
	EndGlobalSection
EndGlobal
